
Microsoft Visual Studio Solution File, Format Version 12.00
# Visual Studio 15
VisualStudioVersion = 15.0.28010.2016
MinimumVisualStudioVersion = 10.0.40219.1
Project("{2150E333-8FDC-42A3-9474-1A3956D46DE8}") = "Bootstrap", "Bootstrap", "{6D2FCA00-903E-4182-824E-EAB49C78CD3C}"
EndProject
Project("{FAE04EC0-301F-11D3-BF4B-00C04F79EFBC}") = "Betelnut", "Betelnut\Betelnut.csproj", "{BF44F2F6-7B03-4694-AEC7-24FB59FC4F8D}"
EndProject
Global
	GlobalSection(SolutionConfigurationPlatforms) = preSolution
		Debug|Any CPU = Debug|Any CPU
		Release|Any CPU = Release|Any CPU
	EndGlobalSection
	GlobalSection(ProjectConfigurationPlatforms) = postSolution
		{BF44F2F6-7B03-4694-AEC7-24FB59FC4F8D}.Debug|Any CPU.ActiveCfg = Debug|Any CPU
		{BF44F2F6-7B03-4694-AEC7-24FB59FC4F8D}.Debug|Any CPU.Build.0 = Debug|Any CPU
		{BF44F2F6-7B03-4694-AEC7-24FB59FC4F8D}.Release|Any CPU.ActiveCfg = Release|Any CPU
		{BF44F2F6-7B03-4694-AEC7-24FB59FC4F8D}.Release|Any CPU.Build.0 = Release|Any CPU
	EndGlobalSection
	GlobalSection(SolutionProperties) = preSolution
		HideSolutionNode = FALSE
	EndGlobalSection
	GlobalSection(NestedProjects) = preSolution
		{BF44F2F6-7B03-4694-AEC7-24FB59FC4F8D} = {6D2FCA00-903E-4182-824E-EAB49C78CD3C}
	EndGlobalSection
	GlobalSection(ExtensibilityGlobals) = postSolution
		SolutionGuid = {8113CD3A-EBF3-43C6-AE23-3E9E24F83084}
	EndGlobalSection
EndGlobal
